
Microsoft Visual Studio Solution File, Format Version 12.00
# Visual Studio Version 17
VisualStudioVersion = 17.11.35303.130
MinimumVisualStudioVersion = 10.0.40219.1
Project("{FAE04EC0-301F-11D3-BF4B-00C04F79EFBC}") = "TestCMS", "TestCMS\TestCMS.csproj", "{50BE4FAA-002E-4008-87A4-0B0DFD8003DD}"
EndProject
Global
	GlobalSection(SolutionConfigurationPlatforms) = preSolution
		Debug|Any CPU = Debug|Any CPU
		Release|Any CPU = Release|Any CPU
	EndGlobalSection
	GlobalSection(ProjectConfigurationPlatforms) = postSolution
		{50BE4FAA-002E-4008-87A4-0B0DFD8003DD}.Debug|Any CPU.ActiveCfg = Debug|Any CPU
		{50BE4FAA-002E-4008-87A4-0B0DFD8003DD}.Debug|Any CPU.Build.0 = Debug|Any CPU
		{50BE4FAA-002E-4008-87A4-0B0DFD8003DD}.Release|Any CPU.ActiveCfg = Release|Any CPU
		{50BE4FAA-002E-4008-87A4-0B0DFD8003DD}.Release|Any CPU.Build.0 = Release|Any CPU
	EndGlobalSection
	GlobalSection(SolutionProperties) = preSolution
		HideSolutionNode = FALSE
	EndGlobalSection
	GlobalSection(ExtensibilityGlobals) = postSolution
		SolutionGuid = {ED939E3B-9024-483F-A948-AFBF93AE6925}
	EndGlobalSection
EndGlobal
